Microsoft Visual Studio Solution File, Format Version 7.00
Project("{FAE04EC0-301F-11D3-BF4B-00C04F79EFBC}") = "RemForm", "RemForm.csproj", "{0EAAFEC7-469A-4048-AE55-5185489B90C0}"
EndProject
Global
	GlobalSection(SolutionConfiguration) = preSolution
		ConfigName.0 = Debug
		ConfigName.1 = Release
	EndGlobalSection
	GlobalSection(ProjectDependencies) = postSolution
	EndGlobalSection
	GlobalSection(ProjectConfiguration) = postSolution
		{0EAAFEC7-469A-4048-AE55-5185489B90C0}.Debug.ActiveCfg = Debug|.NET
		{0EAAFEC7-469A-4048-AE55-5185489B90C0}.Debug.Build.0 = Debug|.NET
		{0EAAFEC7-469A-4048-AE55-5185489B90C0}.Release.ActiveCfg = Release|.NET
		{0EAAFEC7-469A-4048-AE55-5185489B90C0}.Release.Build.0 = Release|.NET
	EndGlobalSection
	GlobalSection(ExtensibilityGlobals) = postSolution
	EndGlobalSection
	GlobalSection(ExtensibilityAddIns) = postSolution
	EndGlobalSection
EndGlobal
